
Microsoft Visual Studio Solution File, Format Version 12.00
# Visual Studio Version 16
VisualStudioVersion = 16.0.29411.108
MinimumVisualStudioVersion = 10.0.40219.1
Project("{FAE04EC0-301F-11D3-BF4B-00C04F79EFBC}") = "GLDPlus_1", "GLDPlus_1\GLDPlus_1.csproj", "{FA4925C9-2B3A-49CE-B3B0-0515BEEB18CA}"
EndProject
Global
	GlobalSection(SolutionConfigurationPlatforms) = preSolution
		Debug|Any CPU = Debug|Any CPU
		Release|Any CPU = Release|Any CPU
	EndGlobalSection
	GlobalSection(ProjectConfigurationPlatforms) = postSolution
		{FA4925C9-2B3A-49CE-B3B0-0515BEEB18CA}.Debug|Any CPU.ActiveCfg = Debug|Any CPU
		{FA4925C9-2B3A-49CE-B3B0-0515BEEB18CA}.Debug|Any CPU.Build.0 = Debug|Any CPU
		{FA4925C9-2B3A-49CE-B3B0-0515BEEB18CA}.Release|Any CPU.ActiveCfg = Release|Any CPU
		{FA4925C9-2B3A-49CE-B3B0-0515BEEB18CA}.Release|Any CPU.Build.0 = Release|Any CPU
	EndGlobalSection
	GlobalSection(SolutionProperties) = preSolution
		HideSolutionNode = FALSE
	EndGlobalSection
	GlobalSection(ExtensibilityGlobals) = postSolution
		SolutionGuid = {10A3E005-C7A8-44D7-85D6-07593D521400}
	EndGlobalSection
EndGlobal
